
Microsoft Visual Studio Solution File, Format Version 12.00
# Visual Studio Version 16
VisualStudioVersion = 16.0.28917.181
MinimumVisualStudioVersion = 10.0.40219.1
Project("{FAE04EC0-301F-11D3-BF4B-00C04F79EFBC}") = "BookLibrary", "BookLibrary\BookLibrary.csproj", "{0F7C7C64-1677-46B3-8D78-E7FA8B5CB75A}"
EndProject
Global
	GlobalSection(SolutionConfigurationPlatforms) = preSolution
		Debug|Any CPU = Debug|Any CPU
		Release|Any CPU = Release|Any CPU
	EndGlobalSection
	GlobalSection(ProjectConfigurationPlatforms) = postSolution
		{0F7C7C64-1677-46B3-8D78-E7FA8B5CB75A}.Debug|Any CPU.ActiveCfg = Debug|Any CPU
		{0F7C7C64-1677-46B3-8D78-E7FA8B5CB75A}.Debug|Any CPU.Build.0 = Debug|Any CPU
		{0F7C7C64-1677-46B3-8D78-E7FA8B5CB75A}.Release|Any CPU.ActiveCfg = Release|Any CPU
		{0F7C7C64-1677-46B3-8D78-E7FA8B5CB75A}.Release|Any CPU.Build.0 = Release|Any CPU
	EndGlobalSection
	GlobalSection(SolutionProperties) = preSolution
		HideSolutionNode = FALSE
	EndGlobalSection
	GlobalSection(ExtensibilityGlobals) = postSolution
		SolutionGuid = {35229048-7CCC-40E9-B478-A11E5E90E688}
	EndGlobalSection
EndGlobal
