
Microsoft Visual Studio Solution File, Format Version 12.00
# Visual Studio 15
VisualStudioVersion = 15.0.28307.421
MinimumVisualStudioVersion = 10.0.40219.1
Project("{9A19103F-16F7-4668-BE54-9A1E7A4F7556}") = "OnlineBookLibrary", "OnlineBookLibrary\OnlineBookLibrary.csproj", "{FBC1349B-D672-4C19-B2C2-FB59846A2442}"
EndProject
Project("{9A19103F-16F7-4668-BE54-9A1E7A4F7556}") = "DtoModels", "DtoModels\DtoModels.csproj", "{EB36186D-E1D7-4842-90A4-6DF8542A1A09}"
EndProject
Project("{9A19103F-16F7-4668-BE54-9A1E7A4F7556}") = "DataLayer", "DataLayer\DataLayer.csproj", "{9BC0BD55-9352-4FD5-BE68-F2918EBF7B58}"
EndProject
Project("{9A19103F-16F7-4668-BE54-9A1E7A4F7556}") = "BusinessLayer", "BusinessLayer\BusinessLayer.csproj", "{262A3EEA-9638-40A1-A9AC-DF1143B8A329}"
EndProject
Project("{9A19103F-16F7-4668-BE54-9A1E7A4F7556}") = "ViewModels", "ViewModels\ViewModels.csproj", "{37916E6B-0790-43D6-8E7D-935211E3B256}"
EndProject
Global
	GlobalSection(SolutionConfigurationPlatforms) = preSolution
		Debug|Any CPU = Debug|Any CPU
		Release|Any CPU = Release|Any CPU
	EndGlobalSection
	GlobalSection(ProjectConfigurationPlatforms) = postSolution
		{FBC1349B-D672-4C19-B2C2-FB59846A2442}.Debug|Any CPU.ActiveCfg = Debug|Any CPU
		{FBC1349B-D672-4C19-B2C2-FB59846A2442}.Debug|Any CPU.Build.0 = Debug|Any CPU
		{FBC1349B-D672-4C19-B2C2-FB59846A2442}.Release|Any CPU.ActiveCfg = Release|Any CPU
		{FBC1349B-D672-4C19-B2C2-FB59846A2442}.Release|Any CPU.Build.0 = Release|Any CPU
		{EB36186D-E1D7-4842-90A4-6DF8542A1A09}.Debug|Any CPU.ActiveCfg = Debug|Any CPU
		{EB36186D-E1D7-4842-90A4-6DF8542A1A09}.Debug|Any CPU.Build.0 = Debug|Any CPU
		{EB36186D-E1D7-4842-90A4-6DF8542A1A09}.Release|Any CPU.ActiveCfg = Release|Any CPU
		{EB36186D-E1D7-4842-90A4-6DF8542A1A09}.Release|Any CPU.Build.0 = Release|Any CPU
		{9BC0BD55-9352-4FD5-BE68-F2918EBF7B58}.Debug|Any CPU.ActiveCfg = Debug|Any CPU
		{9BC0BD55-9352-4FD5-BE68-F2918EBF7B58}.Debug|Any CPU.Build.0 = Debug|Any CPU
		{9BC0BD55-9352-4FD5-BE68-F2918EBF7B58}.Release|Any CPU.ActiveCfg = Release|Any CPU
		{9BC0BD55-9352-4FD5-BE68-F2918EBF7B58}.Release|Any CPU.Build.0 = Release|Any CPU
		{262A3EEA-9638-40A1-A9AC-DF1143B8A329}.Debug|Any CPU.ActiveCfg = Debug|Any CPU
		{262A3EEA-9638-40A1-A9AC-DF1143B8A329}.Debug|Any CPU.Build.0 = Debug|Any CPU
		{262A3EEA-9638-40A1-A9AC-DF1143B8A329}.Release|Any CPU.ActiveCfg = Release|Any CPU
		{262A3EEA-9638-40A1-A9AC-DF1143B8A329}.Release|Any CPU.Build.0 = Release|Any CPU
		{37916E6B-0790-43D6-8E7D-935211E3B256}.Debug|Any CPU.ActiveCfg = Debug|Any CPU
		{37916E6B-0790-43D6-8E7D-935211E3B256}.Debug|Any CPU.Build.0 = Debug|Any CPU
		{37916E6B-0790-43D6-8E7D-935211E3B256}.Release|Any CPU.ActiveCfg = Release|Any CPU
		{37916E6B-0790-43D6-8E7D-935211E3B256}.Release|Any CPU.Build.0 = Release|Any CPU
	EndGlobalSection
	GlobalSection(SolutionProperties) = preSolution
		HideSolutionNode = FALSE
	EndGlobalSection
	GlobalSection(ExtensibilityGlobals) = postSolution
		SolutionGuid = {A00DAA55-D391-4C01-9B51-43048227E099}
	EndGlobalSection
EndGlobal
